
Microsoft Visual Studio Solution File, Format Version 12.00
# Visual Studio 15
VisualStudioVersion = 15.0.28307.421
MinimumVisualStudioVersion = 10.0.40219.1
Project("{D954291E-2A0B-460D-934E-DC6B0785DB48}") = "Cyberforum", "Cyberforum\Cyberforum.shproj", "{DD60ACC6-D4DD-4854-83D5-A66BF2EE185B}"
EndProject
Global
	GlobalSection(SharedMSBuildProjectFiles) = preSolution
		Cyberforum\Cyberforum.projitems*{dd60acc6-d4dd-4854-83d5-a66bf2ee185b}*SharedItemsImports = 13
	EndGlobalSection
	GlobalSection(SolutionProperties) = preSolution
		HideSolutionNode = FALSE
	EndGlobalSection
	GlobalSection(ExtensibilityGlobals) = postSolution
		SolutionGuid = {02716584-6C9C-4D21-A322-D78DCC818E88}
	EndGlobalSection
EndGlobal
