
Microsoft Visual Studio Solution File, Format Version 12.00
# Visual Studio 15
VisualStudioVersion = 15.0.28307.421
MinimumVisualStudioVersion = 10.0.40219.1
Project("{D954291E-2A0B-460D-934E-DC6B0785DB48}") = "Cyberforum", "Cyberforum\Cyberforum.shproj", "{DD60ACC6-D4DD-4854-83D5-A66BF2EE185B}"
EndProject
Project("{FAE04EC0-301F-11D3-BF4B-00C04F79EFBC}") = "ComboBox_DataGridView", "ComboBox_DataGridView\ComboBox_DataGridView.csproj", "{1EB45363-45AF-449D-A601-6FA66862048A}"
EndProject
Project("{FAE04EC0-301F-11D3-BF4B-00C04F79EFBC}") = "Form1Button", "Form1Button\Form1Button.csproj", "{2C74B89C-2AA5-4C3A-BA55-BA7BDBB926C8}"
EndProject
Project("{FAE04EC0-301F-11D3-BF4B-00C04F79EFBC}") = "ReadFile", "ReadFile\ReadFile.csproj", "{142291EA-80F1-4A3B-BDD6-80FBEEC901B8}"
EndProject
Project("{FAE04EC0-301F-11D3-BF4B-00C04F79EFBC}") = "ConReadWriteFile", "ConReadWriteFile\ConReadWriteFile.csproj", "{7F63BD5E-AEBC-4587-B514-2DD33031CB74}"
EndProject
Project("{FAE04EC0-301F-11D3-BF4B-00C04F79EFBC}") = "Switch", "Switch\Switch.csproj", "{C59C94BA-7D39-4C87-AD4A-688A6C7F4D78}"
EndProject
Project("{FAE04EC0-301F-11D3-BF4B-00C04F79EFBC}") = "BinReadWrite(Win)", "BinReadWrite(Win)\BinReadWrite(Win).csproj", "{51E98BFF-2855-4239-8EE7-3F80615DFEDB}"
EndProject
Project("{FAE04EC0-301F-11D3-BF4B-00C04F79EFBC}") = "MouseMove(Win)", "MouseMove(Win)\MouseMove(Win).csproj", "{ADEDFE17-236F-4BCB-8794-6306D31D0670}"
EndProject
Project("{FAE04EC0-301F-11D3-BF4B-00C04F79EFBC}") = "GrafficsTXT(Win)", "GrafficsTXT(Win)\GrafficsTXT(Win).csproj", "{D9DF688B-5616-49E1-9A7C-FBAE5C4A25E1}"
EndProject
Global
	GlobalSection(SharedMSBuildProjectFiles) = preSolution
		Cyberforum\Cyberforum.projitems*{dd60acc6-d4dd-4854-83d5-a66bf2ee185b}*SharedItemsImports = 13
	EndGlobalSection
	GlobalSection(SolutionConfigurationPlatforms) = preSolution
		Debug|Any CPU = Debug|Any CPU
		Release|Any CPU = Release|Any CPU
	EndGlobalSection
	GlobalSection(ProjectConfigurationPlatforms) = postSolution
		{1EB45363-45AF-449D-A601-6FA66862048A}.Debug|Any CPU.ActiveCfg = Debug|Any CPU
		{1EB45363-45AF-449D-A601-6FA66862048A}.Debug|Any CPU.Build.0 = Debug|Any CPU
		{1EB45363-45AF-449D-A601-6FA66862048A}.Release|Any CPU.ActiveCfg = Release|Any CPU
		{1EB45363-45AF-449D-A601-6FA66862048A}.Release|Any CPU.Build.0 = Release|Any CPU
		{2C74B89C-2AA5-4C3A-BA55-BA7BDBB926C8}.Debug|Any CPU.ActiveCfg = Debug|Any CPU
		{2C74B89C-2AA5-4C3A-BA55-BA7BDBB926C8}.Debug|Any CPU.Build.0 = Debug|Any CPU
		{2C74B89C-2AA5-4C3A-BA55-BA7BDBB926C8}.Release|Any CPU.ActiveCfg = Release|Any CPU
		{2C74B89C-2AA5-4C3A-BA55-BA7BDBB926C8}.Release|Any CPU.Build.0 = Release|Any CPU
		{142291EA-80F1-4A3B-BDD6-80FBEEC901B8}.Debug|Any CPU.ActiveCfg = Debug|Any CPU
		{142291EA-80F1-4A3B-BDD6-80FBEEC901B8}.Debug|Any CPU.Build.0 = Debug|Any CPU
		{142291EA-80F1-4A3B-BDD6-80FBEEC901B8}.Release|Any CPU.ActiveCfg = Release|Any CPU
		{142291EA-80F1-4A3B-BDD6-80FBEEC901B8}.Release|Any CPU.Build.0 = Release|Any CPU
		{7F63BD5E-AEBC-4587-B514-2DD33031CB74}.Debug|Any CPU.ActiveCfg = Debug|Any CPU
		{7F63BD5E-AEBC-4587-B514-2DD33031CB74}.Debug|Any CPU.Build.0 = Debug|Any CPU
		{7F63BD5E-AEBC-4587-B514-2DD33031CB74}.Release|Any CPU.ActiveCfg = Release|Any CPU
		{7F63BD5E-AEBC-4587-B514-2DD33031CB74}.Release|Any CPU.Build.0 = Release|Any CPU
		{C59C94BA-7D39-4C87-AD4A-688A6C7F4D78}.Debug|Any CPU.ActiveCfg = Debug|Any CPU
		{C59C94BA-7D39-4C87-AD4A-688A6C7F4D78}.Debug|Any CPU.Build.0 = Debug|Any CPU
		{C59C94BA-7D39-4C87-AD4A-688A6C7F4D78}.Release|Any CPU.ActiveCfg = Release|Any CPU
		{C59C94BA-7D39-4C87-AD4A-688A6C7F4D78}.Release|Any CPU.Build.0 = Release|Any CPU
		{51E98BFF-2855-4239-8EE7-3F80615DFEDB}.Debug|Any CPU.ActiveCfg = Debug|Any CPU
		{51E98BFF-2855-4239-8EE7-3F80615DFEDB}.Debug|Any CPU.Build.0 = Debug|Any CPU
		{51E98BFF-2855-4239-8EE7-3F80615DFEDB}.Release|Any CPU.ActiveCfg = Release|Any CPU
		{51E98BFF-2855-4239-8EE7-3F80615DFEDB}.Release|Any CPU.Build.0 = Release|Any CPU
		{ADEDFE17-236F-4BCB-8794-6306D31D0670}.Debug|Any CPU.ActiveCfg = Debug|Any CPU
		{ADEDFE17-236F-4BCB-8794-6306D31D0670}.Debug|Any CPU.Build.0 = Debug|Any CPU
		{ADEDFE17-236F-4BCB-8794-6306D31D0670}.Release|Any CPU.ActiveCfg = Release|Any CPU
		{ADEDFE17-236F-4BCB-8794-6306D31D0670}.Release|Any CPU.Build.0 = Release|Any CPU
		{D9DF688B-5616-49E1-9A7C-FBAE5C4A25E1}.Debug|Any CPU.ActiveCfg = Debug|Any CPU
		{D9DF688B-5616-49E1-9A7C-FBAE5C4A25E1}.Debug|Any CPU.Build.0 = Debug|Any CPU
		{D9DF688B-5616-49E1-9A7C-FBAE5C4A25E1}.Release|Any CPU.ActiveCfg = Release|Any CPU
		{D9DF688B-5616-49E1-9A7C-FBAE5C4A25E1}.Release|Any CPU.Build.0 = Release|Any CPU
	EndGlobalSection
	GlobalSection(SolutionProperties) = preSolution
		HideSolutionNode = FALSE
	EndGlobalSection
	GlobalSection(ExtensibilityGlobals) = postSolution
		SolutionGuid = {02716584-6C9C-4D21-A322-D78DCC818E88}
	EndGlobalSection
EndGlobal
