
Microsoft Visual Studio Solution File, Format Version 12.00
# Visual Studio Version 16
VisualStudioVersion = 16.0.29411.108
MinimumVisualStudioVersion = 10.0.40219.1
Project("{D954291E-2A0B-460D-934E-DC6B0785DB48}") = "Cyberforum", "Cyberforum\Cyberforum.shproj", "{DD60ACC6-D4DD-4854-83D5-A66BF2EE185B}"
EndProject
Project("{FAE04EC0-301F-11D3-BF4B-00C04F79EFBC}") = "ComboBox_DataGridView", "ComboBox_DataGridView\ComboBox_DataGridView.csproj", "{1EB45363-45AF-449D-A601-6FA66862048A}"
EndProject
Project("{FAE04EC0-301F-11D3-BF4B-00C04F79EFBC}") = "Form1Button", "Form1Button\Form1Button.csproj", "{2C74B89C-2AA5-4C3A-BA55-BA7BDBB926C8}"
EndProject
Project("{FAE04EC0-301F-11D3-BF4B-00C04F79EFBC}") = "ReadFile", "ReadFile\ReadFile.csproj", "{142291EA-80F1-4A3B-BDD6-80FBEEC901B8}"
EndProject
Project("{FAE04EC0-301F-11D3-BF4B-00C04F79EFBC}") = "ConReadWriteFile", "ConReadWriteFile\ConReadWriteFile.csproj", "{7F63BD5E-AEBC-4587-B514-2DD33031CB74}"
EndProject
Project("{FAE04EC0-301F-11D3-BF4B-00C04F79EFBC}") = "Switch", "Switch\Switch.csproj", "{C59C94BA-7D39-4C87-AD4A-688A6C7F4D78}"
EndProject
Project("{FAE04EC0-301F-11D3-BF4B-00C04F79EFBC}") = "BinReadWrite(Win)", "BinReadWrite(Win)\BinReadWrite(Win).csproj", "{51E98BFF-2855-4239-8EE7-3F80615DFEDB}"
EndProject
Project("{FAE04EC0-301F-11D3-BF4B-00C04F79EFBC}") = "MouseMove(Win)", "MouseMove(Win)\MouseMove(Win).csproj", "{ADEDFE17-236F-4BCB-8794-6306D31D0670}"
EndProject
Project("{FAE04EC0-301F-11D3-BF4B-00C04F79EFBC}") = "GrafficsTXT(Win)", "GrafficsTXT(Win)\GrafficsTXT(Win).csproj", "{D9DF688B-5616-49E1-9A7C-FBAE5C4A25E1}"
EndProject
Project("{FAE04EC0-301F-11D3-BF4B-00C04F79EFBC}") = "ComboBox(Win)", "ComboBox(Win)\ComboBox(Win).csproj", "{37BE5352-9DF9-466C-AEA0-542B337A2B73}"
EndProject
Project("{FAE04EC0-301F-11D3-BF4B-00C04F79EFBC}") = "BinWriteRead2", "BinWriteRead2\BinWriteRead2.csproj", "{2532C751-6A33-4DC9-AC0B-48636AF578CB}"
EndProject
Project("{FAE04EC0-301F-11D3-BF4B-00C04F79EFBC}") = "WordWin", "WordWin\WordWin.csproj", "{D9672974-359E-4EEC-AE98-5EC89F4CB601}"
EndProject
Project("{FAE04EC0-301F-11D3-BF4B-00C04F79EFBC}") = "CheckBoxWin", "CheckBoxWin\CheckBoxWin.csproj", "{F32BB78D-27BE-4563-BBF9-401E532B5BB6}"
EndProject
Project("{FAE04EC0-301F-11D3-BF4B-00C04F79EFBC}") = "BinToHex_Con", "BinToHex_Con\BinToHex_Con.csproj", "{445F92E6-C434-4A6E-A49F-71E51F15A0B5}"
EndProject
Project("{FAE04EC0-301F-11D3-BF4B-00C04F79EFBC}") = "EventTextBoxs_Win", "EventTextBoxs_Win\EventTextBoxs_Win.csproj", "{DA58112F-E146-4A86-A875-17DC0F4A5743}"
EndProject
Project("{FAE04EC0-301F-11D3-BF4B-00C04F79EFBC}") = "UnicRand_Con", "UnicRand_Con\UnicRand_Con.csproj", "{FE922463-2F33-49CF-B45C-4D46DED16F3A}"
EndProject
Project("{FAE04EC0-301F-11D3-BF4B-00C04F79EFBC}") = "WordWork", "WordWork\WordWork.csproj", "{42A1AFEE-CAE6-4107-B521-EA183A29DDCF}"
EndProject
Project("{FAE04EC0-301F-11D3-BF4B-00C04F79EFBC}") = "MaxForm", "MaxForm\MaxForm.csproj", "{4400BF92-D307-4D4C-A7BE-4F0DB6B9113B}"
EndProject
Project("{FAE04EC0-301F-11D3-BF4B-00C04F79EFBC}") = "Textbox1", "Textbox1\Textbox1.csproj", "{CE11076C-0AE1-47AC-810A-50C8075D0E64}"
EndProject
Project("{FAE04EC0-301F-11D3-BF4B-00C04F79EFBC}") = "DelTextFile_Win", "DelTextFile_Win\DelTextFile_Win.csproj", "{0E6AB7BE-927E-45F0-87CE-8B8C6024BD28}"
EndProject
Project("{FAE04EC0-301F-11D3-BF4B-00C04F79EFBC}") = "RandomForms", "RandomForms\RandomForms.csproj", "{9A7C78F1-D5D3-4CF9-83BC-523EAA156189}"
EndProject
Project("{FAE04EC0-301F-11D3-BF4B-00C04F79EFBC}") = "DrawSquare_Win", "DrawSquare_Win\DrawSquare_Win.csproj", "{D012FFC3-18CF-415D-9563-B9ADA0DB19C0}"
EndProject
Project("{FAE04EC0-301F-11D3-BF4B-00C04F79EFBC}") = "TestConsole", "TestConsole\TestConsole.csproj", "{9BF88DCA-6AF9-46CB-802F-ADE3A5000F1F}"
EndProject
Project("{2150E333-8FDC-42A3-9474-1A3956D46DE8}") = "Windows Forms", "Windows Forms", "{3A751D4C-49C0-4586-B396-9A5BAF9A0A75}"
EndProject
Project("{2150E333-8FDC-42A3-9474-1A3956D46DE8}") = "Console", "Console", "{6B286947-6CFF-42F2-B640-400631D81118}"
EndProject
Project("{2150E333-8FDC-42A3-9474-1A3956D46DE8}") = "Windows Presentation Foundation", "Windows Presentation Foundation", "{C96B3D32-B146-4F45-8762-37D861BE9C4B}"
EndProject
Project("{FAE04EC0-301F-11D3-BF4B-00C04F79EFBC}") = "Class_Book_Console", "Class_Book_Console\Class_Book_Console.csproj", "{853F1B5C-125D-40A4-B9D1-74EB9AE61CAB}"
EndProject
Project("{FAE04EC0-301F-11D3-BF4B-00C04F79EFBC}") = "FileSystemWatcher_Console", "FileSystemWatcher_Console\FileSystemWatcher_Console.csproj", "{C6D17DB7-5AF1-4EB9-A67F-BF5A282C31F7}"
EndProject
Global
	GlobalSection(SharedMSBuildProjectFiles) = preSolution
		Cyberforum\Cyberforum.projitems*{dd60acc6-d4dd-4854-83d5-a66bf2ee185b}*SharedItemsImports = 13
	EndGlobalSection
	GlobalSection(SolutionConfigurationPlatforms) = preSolution
		Debug|Any CPU = Debug|Any CPU
		Release|Any CPU = Release|Any CPU
	EndGlobalSection
	GlobalSection(ProjectConfigurationPlatforms) = postSolution
		{1EB45363-45AF-449D-A601-6FA66862048A}.Debug|Any CPU.ActiveCfg = Debug|Any CPU
		{1EB45363-45AF-449D-A601-6FA66862048A}.Debug|Any CPU.Build.0 = Debug|Any CPU
		{1EB45363-45AF-449D-A601-6FA66862048A}.Release|Any CPU.ActiveCfg = Release|Any CPU
		{1EB45363-45AF-449D-A601-6FA66862048A}.Release|Any CPU.Build.0 = Release|Any CPU
		{2C74B89C-2AA5-4C3A-BA55-BA7BDBB926C8}.Debug|Any CPU.ActiveCfg = Debug|Any CPU
		{2C74B89C-2AA5-4C3A-BA55-BA7BDBB926C8}.Debug|Any CPU.Build.0 = Debug|Any CPU
		{2C74B89C-2AA5-4C3A-BA55-BA7BDBB926C8}.Release|Any CPU.ActiveCfg = Release|Any CPU
		{2C74B89C-2AA5-4C3A-BA55-BA7BDBB926C8}.Release|Any CPU.Build.0 = Release|Any CPU
		{142291EA-80F1-4A3B-BDD6-80FBEEC901B8}.Debug|Any CPU.ActiveCfg = Debug|Any CPU
		{142291EA-80F1-4A3B-BDD6-80FBEEC901B8}.Debug|Any CPU.Build.0 = Debug|Any CPU
		{142291EA-80F1-4A3B-BDD6-80FBEEC901B8}.Release|Any CPU.ActiveCfg = Release|Any CPU
		{142291EA-80F1-4A3B-BDD6-80FBEEC901B8}.Release|Any CPU.Build.0 = Release|Any CPU
		{7F63BD5E-AEBC-4587-B514-2DD33031CB74}.Debug|Any CPU.ActiveCfg = Debug|Any CPU
		{7F63BD5E-AEBC-4587-B514-2DD33031CB74}.Debug|Any CPU.Build.0 = Debug|Any CPU
		{7F63BD5E-AEBC-4587-B514-2DD33031CB74}.Release|Any CPU.ActiveCfg = Release|Any CPU
		{7F63BD5E-AEBC-4587-B514-2DD33031CB74}.Release|Any CPU.Build.0 = Release|Any CPU
		{C59C94BA-7D39-4C87-AD4A-688A6C7F4D78}.Debug|Any CPU.ActiveCfg = Debug|Any CPU
		{C59C94BA-7D39-4C87-AD4A-688A6C7F4D78}.Debug|Any CPU.Build.0 = Debug|Any CPU
		{C59C94BA-7D39-4C87-AD4A-688A6C7F4D78}.Release|Any CPU.ActiveCfg = Release|Any CPU
		{C59C94BA-7D39-4C87-AD4A-688A6C7F4D78}.Release|Any CPU.Build.0 = Release|Any CPU
		{51E98BFF-2855-4239-8EE7-3F80615DFEDB}.Debug|Any CPU.ActiveCfg = Debug|Any CPU
		{51E98BFF-2855-4239-8EE7-3F80615DFEDB}.Debug|Any CPU.Build.0 = Debug|Any CPU
		{51E98BFF-2855-4239-8EE7-3F80615DFEDB}.Release|Any CPU.ActiveCfg = Release|Any CPU
		{51E98BFF-2855-4239-8EE7-3F80615DFEDB}.Release|Any CPU.Build.0 = Release|Any CPU
		{ADEDFE17-236F-4BCB-8794-6306D31D0670}.Debug|Any CPU.ActiveCfg = Debug|Any CPU
		{ADEDFE17-236F-4BCB-8794-6306D31D0670}.Debug|Any CPU.Build.0 = Debug|Any CPU
		{ADEDFE17-236F-4BCB-8794-6306D31D0670}.Release|Any CPU.ActiveCfg = Release|Any CPU
		{ADEDFE17-236F-4BCB-8794-6306D31D0670}.Release|Any CPU.Build.0 = Release|Any CPU
		{D9DF688B-5616-49E1-9A7C-FBAE5C4A25E1}.Debug|Any CPU.ActiveCfg = Debug|Any CPU
		{D9DF688B-5616-49E1-9A7C-FBAE5C4A25E1}.Debug|Any CPU.Build.0 = Debug|Any CPU
		{D9DF688B-5616-49E1-9A7C-FBAE5C4A25E1}.Release|Any CPU.ActiveCfg = Release|Any CPU
		{D9DF688B-5616-49E1-9A7C-FBAE5C4A25E1}.Release|Any CPU.Build.0 = Release|Any CPU
		{37BE5352-9DF9-466C-AEA0-542B337A2B73}.Debug|Any CPU.ActiveCfg = Debug|Any CPU
		{37BE5352-9DF9-466C-AEA0-542B337A2B73}.Debug|Any CPU.Build.0 = Debug|Any CPU
		{37BE5352-9DF9-466C-AEA0-542B337A2B73}.Release|Any CPU.ActiveCfg = Release|Any CPU
		{37BE5352-9DF9-466C-AEA0-542B337A2B73}.Release|Any CPU.Build.0 = Release|Any CPU
		{2532C751-6A33-4DC9-AC0B-48636AF578CB}.Debug|Any CPU.ActiveCfg = Debug|Any CPU
		{2532C751-6A33-4DC9-AC0B-48636AF578CB}.Debug|Any CPU.Build.0 = Debug|Any CPU
		{2532C751-6A33-4DC9-AC0B-48636AF578CB}.Release|Any CPU.ActiveCfg = Release|Any CPU
		{2532C751-6A33-4DC9-AC0B-48636AF578CB}.Release|Any CPU.Build.0 = Release|Any CPU
		{D9672974-359E-4EEC-AE98-5EC89F4CB601}.Debug|Any CPU.ActiveCfg = Debug|Any CPU
		{D9672974-359E-4EEC-AE98-5EC89F4CB601}.Debug|Any CPU.Build.0 = Debug|Any CPU
		{D9672974-359E-4EEC-AE98-5EC89F4CB601}.Release|Any CPU.ActiveCfg = Release|Any CPU
		{D9672974-359E-4EEC-AE98-5EC89F4CB601}.Release|Any CPU.Build.0 = Release|Any CPU
		{F32BB78D-27BE-4563-BBF9-401E532B5BB6}.Debug|Any CPU.ActiveCfg = Debug|Any CPU
		{F32BB78D-27BE-4563-BBF9-401E532B5BB6}.Debug|Any CPU.Build.0 = Debug|Any CPU
		{F32BB78D-27BE-4563-BBF9-401E532B5BB6}.Release|Any CPU.ActiveCfg = Release|Any CPU
		{F32BB78D-27BE-4563-BBF9-401E532B5BB6}.Release|Any CPU.Build.0 = Release|Any CPU
		{445F92E6-C434-4A6E-A49F-71E51F15A0B5}.Debug|Any CPU.ActiveCfg = Debug|Any CPU
		{445F92E6-C434-4A6E-A49F-71E51F15A0B5}.Debug|Any CPU.Build.0 = Debug|Any CPU
		{445F92E6-C434-4A6E-A49F-71E51F15A0B5}.Release|Any CPU.ActiveCfg = Release|Any CPU
		{445F92E6-C434-4A6E-A49F-71E51F15A0B5}.Release|Any CPU.Build.0 = Release|Any CPU
		{DA58112F-E146-4A86-A875-17DC0F4A5743}.Debug|Any CPU.ActiveCfg = Debug|Any CPU
		{DA58112F-E146-4A86-A875-17DC0F4A5743}.Debug|Any CPU.Build.0 = Debug|Any CPU
		{DA58112F-E146-4A86-A875-17DC0F4A5743}.Release|Any CPU.ActiveCfg = Release|Any CPU
		{DA58112F-E146-4A86-A875-17DC0F4A5743}.Release|Any CPU.Build.0 = Release|Any CPU
		{FE922463-2F33-49CF-B45C-4D46DED16F3A}.Debug|Any CPU.ActiveCfg = Debug|Any CPU
		{FE922463-2F33-49CF-B45C-4D46DED16F3A}.Debug|Any CPU.Build.0 = Debug|Any CPU
		{FE922463-2F33-49CF-B45C-4D46DED16F3A}.Release|Any CPU.ActiveCfg = Release|Any CPU
		{FE922463-2F33-49CF-B45C-4D46DED16F3A}.Release|Any CPU.Build.0 = Release|Any CPU
		{42A1AFEE-CAE6-4107-B521-EA183A29DDCF}.Debug|Any CPU.ActiveCfg = Debug|Any CPU
		{42A1AFEE-CAE6-4107-B521-EA183A29DDCF}.Debug|Any CPU.Build.0 = Debug|Any CPU
		{42A1AFEE-CAE6-4107-B521-EA183A29DDCF}.Release|Any CPU.ActiveCfg = Release|Any CPU
		{42A1AFEE-CAE6-4107-B521-EA183A29DDCF}.Release|Any CPU.Build.0 = Release|Any CPU
		{4400BF92-D307-4D4C-A7BE-4F0DB6B9113B}.Debug|Any CPU.ActiveCfg = Debug|Any CPU
		{4400BF92-D307-4D4C-A7BE-4F0DB6B9113B}.Debug|Any CPU.Build.0 = Debug|Any CPU
		{4400BF92-D307-4D4C-A7BE-4F0DB6B9113B}.Release|Any CPU.ActiveCfg = Release|Any CPU
		{4400BF92-D307-4D4C-A7BE-4F0DB6B9113B}.Release|Any CPU.Build.0 = Release|Any CPU
		{CE11076C-0AE1-47AC-810A-50C8075D0E64}.Debug|Any CPU.ActiveCfg = Debug|Any CPU
		{CE11076C-0AE1-47AC-810A-50C8075D0E64}.Debug|Any CPU.Build.0 = Debug|Any CPU
		{CE11076C-0AE1-47AC-810A-50C8075D0E64}.Release|Any CPU.ActiveCfg = Release|Any CPU
		{CE11076C-0AE1-47AC-810A-50C8075D0E64}.Release|Any CPU.Build.0 = Release|Any CPU
		{0E6AB7BE-927E-45F0-87CE-8B8C6024BD28}.Debug|Any CPU.ActiveCfg = Debug|Any CPU
		{0E6AB7BE-927E-45F0-87CE-8B8C6024BD28}.Debug|Any CPU.Build.0 = Debug|Any CPU
		{0E6AB7BE-927E-45F0-87CE-8B8C6024BD28}.Release|Any CPU.ActiveCfg = Release|Any CPU
		{0E6AB7BE-927E-45F0-87CE-8B8C6024BD28}.Release|Any CPU.Build.0 = Release|Any CPU
		{9A7C78F1-D5D3-4CF9-83BC-523EAA156189}.Debug|Any CPU.ActiveCfg = Debug|Any CPU
		{9A7C78F1-D5D3-4CF9-83BC-523EAA156189}.Debug|Any CPU.Build.0 = Debug|Any CPU
		{9A7C78F1-D5D3-4CF9-83BC-523EAA156189}.Release|Any CPU.ActiveCfg = Release|Any CPU
		{9A7C78F1-D5D3-4CF9-83BC-523EAA156189}.Release|Any CPU.Build.0 = Release|Any CPU
		{D012FFC3-18CF-415D-9563-B9ADA0DB19C0}.Debug|Any CPU.ActiveCfg = Debug|Any CPU
		{D012FFC3-18CF-415D-9563-B9ADA0DB19C0}.Debug|Any CPU.Build.0 = Debug|Any CPU
		{D012FFC3-18CF-415D-9563-B9ADA0DB19C0}.Release|Any CPU.ActiveCfg = Release|Any CPU
		{D012FFC3-18CF-415D-9563-B9ADA0DB19C0}.Release|Any CPU.Build.0 = Release|Any CPU
		{9BF88DCA-6AF9-46CB-802F-ADE3A5000F1F}.Debug|Any CPU.ActiveCfg = Debug|Any CPU
		{9BF88DCA-6AF9-46CB-802F-ADE3A5000F1F}.Debug|Any CPU.Build.0 = Debug|Any CPU
		{9BF88DCA-6AF9-46CB-802F-ADE3A5000F1F}.Release|Any CPU.ActiveCfg = Release|Any CPU
		{9BF88DCA-6AF9-46CB-802F-ADE3A5000F1F}.Release|Any CPU.Build.0 = Release|Any CPU
		{853F1B5C-125D-40A4-B9D1-74EB9AE61CAB}.Debug|Any CPU.ActiveCfg = Debug|Any CPU
		{853F1B5C-125D-40A4-B9D1-74EB9AE61CAB}.Debug|Any CPU.Build.0 = Debug|Any CPU
		{853F1B5C-125D-40A4-B9D1-74EB9AE61CAB}.Release|Any CPU.ActiveCfg = Release|Any CPU
		{853F1B5C-125D-40A4-B9D1-74EB9AE61CAB}.Release|Any CPU.Build.0 = Release|Any CPU
		{C6D17DB7-5AF1-4EB9-A67F-BF5A282C31F7}.Debug|Any CPU.ActiveCfg = Debug|Any CPU
		{C6D17DB7-5AF1-4EB9-A67F-BF5A282C31F7}.Debug|Any CPU.Build.0 = Debug|Any CPU
		{C6D17DB7-5AF1-4EB9-A67F-BF5A282C31F7}.Release|Any CPU.ActiveCfg = Release|Any CPU
		{C6D17DB7-5AF1-4EB9-A67F-BF5A282C31F7}.Release|Any CPU.Build.0 = Release|Any CPU
	EndGlobalSection
	GlobalSection(SolutionProperties) = preSolution
		HideSolutionNode = FALSE
	EndGlobalSection
	GlobalSection(NestedProjects) = preSolution
		{1EB45363-45AF-449D-A601-6FA66862048A} = {3A751D4C-49C0-4586-B396-9A5BAF9A0A75}
		{2C74B89C-2AA5-4C3A-BA55-BA7BDBB926C8} = {3A751D4C-49C0-4586-B396-9A5BAF9A0A75}
		{142291EA-80F1-4A3B-BDD6-80FBEEC901B8} = {3A751D4C-49C0-4586-B396-9A5BAF9A0A75}
		{7F63BD5E-AEBC-4587-B514-2DD33031CB74} = {6B286947-6CFF-42F2-B640-400631D81118}
		{C59C94BA-7D39-4C87-AD4A-688A6C7F4D78} = {6B286947-6CFF-42F2-B640-400631D81118}
		{51E98BFF-2855-4239-8EE7-3F80615DFEDB} = {3A751D4C-49C0-4586-B396-9A5BAF9A0A75}
		{ADEDFE17-236F-4BCB-8794-6306D31D0670} = {3A751D4C-49C0-4586-B396-9A5BAF9A0A75}
		{D9DF688B-5616-49E1-9A7C-FBAE5C4A25E1} = {3A751D4C-49C0-4586-B396-9A5BAF9A0A75}
		{37BE5352-9DF9-466C-AEA0-542B337A2B73} = {3A751D4C-49C0-4586-B396-9A5BAF9A0A75}
		{2532C751-6A33-4DC9-AC0B-48636AF578CB} = {3A751D4C-49C0-4586-B396-9A5BAF9A0A75}
		{D9672974-359E-4EEC-AE98-5EC89F4CB601} = {3A751D4C-49C0-4586-B396-9A5BAF9A0A75}
		{F32BB78D-27BE-4563-BBF9-401E532B5BB6} = {3A751D4C-49C0-4586-B396-9A5BAF9A0A75}
		{445F92E6-C434-4A6E-A49F-71E51F15A0B5} = {6B286947-6CFF-42F2-B640-400631D81118}
		{DA58112F-E146-4A86-A875-17DC0F4A5743} = {3A751D4C-49C0-4586-B396-9A5BAF9A0A75}
		{FE922463-2F33-49CF-B45C-4D46DED16F3A} = {6B286947-6CFF-42F2-B640-400631D81118}
		{42A1AFEE-CAE6-4107-B521-EA183A29DDCF} = {3A751D4C-49C0-4586-B396-9A5BAF9A0A75}
		{4400BF92-D307-4D4C-A7BE-4F0DB6B9113B} = {3A751D4C-49C0-4586-B396-9A5BAF9A0A75}
		{CE11076C-0AE1-47AC-810A-50C8075D0E64} = {3A751D4C-49C0-4586-B396-9A5BAF9A0A75}
		{0E6AB7BE-927E-45F0-87CE-8B8C6024BD28} = {3A751D4C-49C0-4586-B396-9A5BAF9A0A75}
		{9A7C78F1-D5D3-4CF9-83BC-523EAA156189} = {3A751D4C-49C0-4586-B396-9A5BAF9A0A75}
		{D012FFC3-18CF-415D-9563-B9ADA0DB19C0} = {3A751D4C-49C0-4586-B396-9A5BAF9A0A75}
		{9BF88DCA-6AF9-46CB-802F-ADE3A5000F1F} = {6B286947-6CFF-42F2-B640-400631D81118}
		{853F1B5C-125D-40A4-B9D1-74EB9AE61CAB} = {6B286947-6CFF-42F2-B640-400631D81118}
		{C6D17DB7-5AF1-4EB9-A67F-BF5A282C31F7} = {6B286947-6CFF-42F2-B640-400631D81118}
	EndGlobalSection
	GlobalSection(ExtensibilityGlobals) = postSolution
		SolutionGuid = {02716584-6C9C-4D21-A322-D78DCC818E88}
	EndGlobalSection
EndGlobal
